
Microsoft Visual Studio Solution File, Format Version 12.00
# Visual Studio Version 17
VisualStudioVersion = 17.14.36705.20
MinimumVisualStudioVersion = 10.0.40219.1
Project("{FAE04EC0-301F-11D3-BF4B-00C04F79EFBC}") = "SistemaBancarioV2", "SistemaBancarioV2\SistemaBancarioV2.csproj", "{751951E8-EFC5-4788-A7ED-75D4A70C9873}"
EndProject
Project("{FAE04EC0-301F-11D3-BF4B-00C04F79EFBC}") = "SistemaBancario.Api", "SistemaBancario.Api\SistemaBancario.Api.csproj", "{3B9097C7-0782-4F4D-8C36-4681B81A7BC3}"
EndProject
Global
	GlobalSection(SolutionConfigurationPlatforms) = preSolution
		Debug|Any CPU = Debug|Any CPU
		Release|Any CPU = Release|Any CPU
	EndGlobalSection
	GlobalSection(ProjectConfigurationPlatforms) = postSolution
		{751951E8-EFC5-4788-A7ED-75D4A70C9873}.Debug|Any CPU.ActiveCfg = Debug|Any CPU
		{751951E8-EFC5-4788-A7ED-75D4A70C9873}.Debug|Any CPU.Build.0 = Debug|Any CPU
		{751951E8-EFC5-4788-A7ED-75D4A70C9873}.Release|Any CPU.ActiveCfg = Release|Any CPU
		{751951E8-EFC5-4788-A7ED-75D4A70C9873}.Release|Any CPU.Build.0 = Release|Any CPU
		{3B9097C7-0782-4F4D-8C36-4681B81A7BC3}.Debug|Any CPU.ActiveCfg = Debug|Any CPU
		{3B9097C7-0782-4F4D-8C36-4681B81A7BC3}.Debug|Any CPU.Build.0 = Debug|Any CPU
		{3B9097C7-0782-4F4D-8C36-4681B81A7BC3}.Release|Any CPU.ActiveCfg = Release|Any CPU
		{3B9097C7-0782-4F4D-8C36-4681B81A7BC3}.Release|Any CPU.Build.0 = Release|Any CPU
	EndGlobalSection
	GlobalSection(SolutionProperties) = preSolution
		HideSolutionNode = FALSE
	EndGlobalSection
	GlobalSection(ExtensibilityGlobals) = postSolution
		SolutionGuid = {75254AAE-5571-4169-B6D9-C557CA08E6CD}
	EndGlobalSection
EndGlobal
